lockfileVersion: '9.0'

settings:
  autoInstallPeers: true
  excludeLinksFromLockfile: false

importers:

  .:
    dependencies:
      markdown-it:
        specifier: 15.0.2
        version: 15.0.2
      markdown-it-container:
        specifier: 4.0.0
        version: 4.0.0
      markdown-it-deflist:
        specifier: 4.0.0
        version: 4.0.0
      yaml:
        specifier: 2.9.1
        version: 2.9.1
    devDependencies:
      '@vue/compiler-sfc':
        specifier: 3.5.42
        version: 3.5.42

packages:

  '@babel/helper-string-parser@7.29.7':
    resolution: {integrity: sha512-Pb5ijPrZ89GDH8223L4UP8i6QApWxs04RbPQJTeWDV0/keR2E36MeKnyr6LYmUUvqRRI+Iv87SuF1W6ErINzYw==}
    engines: {node: '>=6.9.0'}

  '@babel/helper-validator-identifier@7.29.7':
    resolution: {integrity: sha512-qehxGkRj55h/ff8EMaJ+cYhyaKlHIxqYDn682wQD7RNp9UujOQsHog2uS0r2vzr4pW+sXf90NeeayjcNaX3fFg==}
    engines: {node: '>=6.9.0'}

  '@babel/parser@7.29.9':
    resolution: {integrity: sha512-CjXrNHTnvqBVqHgdBysY3vk2T8tpJHb5/RMeHJBTyVa9xgugCB0CJTx/3oO8RV2QRQP391RWpB7D6hLjm8V9uA==}
    engines: {node: '>=6.0.0'}
    hasBin: true

  '@babel/types@7.29.8':
    resolution: {integrity: sha512-Vj1jF3cPfxg7OAfoI7QnVKLoILlm2JF9pnVHrX8qx7AHMiYWT+NDAA7jChlNgRS4WTLc/fD1lXLmPixluj+3Gg==}
    engines: {node: '>=6.9.0'}

  '@jridgewell/sourcemap-codec@1.6.0':
    resolution: {integrity: sha512-T7jf+5zgsZHwNJ4lvQ7/aezbyk0nNX+zJVWpmHA7VYsEx7a7qr5Rg5IbtJFqkgze5Y2sruq1RUY8Q837Od7iFw==}

  '@vue/compiler-core@3.5.42':
    resolution: {integrity: sha512-2Ye1ilMtKXxl8qZUrQ5j0CdgenFp/HFQmta6rfRyfEsTG69L6Wk+tWuNoHYHMx9E8tF2Slvdg1FuwDvAXdy1LQ==}

  '@vue/compiler-dom@3.5.42':
    resolution: {integrity: sha512-qbhQZEFmycr+ni/qyuccS4sucNN7VAbDfbkvNxWOX2VfgFm90MNs3/UhRNKoPMEIVn0F8gdlYjLPvqxHwHeQOA==}

  '@vue/compiler-sfc@3.5.42':
    resolution: {integrity: sha512-fkCAFB4okcAANGMThboWnScp/gzWjU0ZSkVnjTIiplmMDq2uq0tIB3j+xVu4rhv5rvOgBySCysudmbMd6xRRqw==}

  '@vue/compiler-ssr@3.5.42':
    resolution: {integrity: sha512-xmLk3wLkbizPAiLyomjgFFosf2ys9b5Ghb+oh/k2tnvipNz8OFrQOiTcWCzyK7MpBp9KkyGtfvgfLUivbmuGYA==}

  '@vue/shared@3.5.42':
    resolution: {integrity: sha512-2rPxex1jQf4jvl9MOHl6YaXCPcrNqz/FstMOEh3QWY+/OME9nQTvl9WYeCwhW7AFjaR0SnngZGlp/wkR6rkI6g==}

  argparse@3.0.2:
    resolution: {integrity: sha512-mFdDM6WqWKraGLsVb+C9CahPnzTXOefAOLq3jYcca2YZ8bEWpr++Tzj+zSaKW9+X9L5uSxcm1AZ3Y6aZJ09OhQ==}

  entities@7.0.1:
    resolution: {integrity: sha512-TWrgLOFUQTH994YUyl1yT4uyavY5nNB5muff+RtWaqNVCAK408b5ZnnbNAUEWLTCpum9w6arT70i1XdQ4UeOPA==}
    engines: {node: '>=0.12'}

  entities@8.1.0:
    resolution: {integrity: sha512-kxL7msIffSuh9aaFAMD7rxAIuTRMAHMeBtgHW2yUdWw732ZNh4MehkF2gdjvtdmikkaIP9bFDDJOPlsvm7avrA==}
    engines: {node: '>=20.19.0'}

  estree-walker@2.0.2:
    resolution: {integrity: sha512-Rfkk/Mp/DL7JVje3u18FxFujQlTNR2q6QfMSMB7AvCBx91NGj/ba3kCfza0f6dVDbw7YlRf/nDrn7pQrCCyQ/w==}

  linkify-it@6.1.0:
    resolution: {integrity: sha512-wJ/TwpSDTLepCrQoYWYIExIKg5Zchex2Nn5yk2mFnB+6PtdkHtyLx742md9csRjjOnGkKIS/RrbY7l8D6gT9Vw==}

  magic-string@0.30.21:
    resolution: {integrity: sha512-vd2F4YUyEXKGcLHoq+TEyCjxueSeHnFxyyjNp80yg0XV4vUhnDer/lvvlqM/arB5bXQN5K2/3oinyCRyx8T2CQ==}

  markdown-it-container@4.0.0:
    resolution: {integrity: sha512-HaNccxUH0l7BNGYbFbjmGpf5aLHAMTinqRZQAEQbMr2cdD3z91Q6kIo1oUn1CQndkT03jat6ckrdRYuwwqLlQw==}

  markdown-it-deflist@4.0.0:
    resolution: {integrity: sha512-06186ZWDwNLg638THD70MxBeFrDMF0+nL7IWU/qwCGHGOcUIm4MTYXbfjpv0ooWnVjkSnAjW8msKaOQmNRfY6Q==}

  markdown-it@15.0.2:
    resolution: {integrity: sha512-q4IGxMv56jCqT4OCRCADBoDP3LO4MhmTXjFbphHPXs4g3j9Xg5RDnxqN8IF/3vIWEU+VCnUq+7JUg/cfy2E6Qw==}
    hasBin: true

  mdurl@2.1.0:
    resolution: {integrity: sha512-1+HBaOx0zi/dQWht8rNv9MYf9qqpqL/kxI0hXImU6Y547zM6Sni8BQibt7ifgMcYtQg41ao3Ivd6cnSM86inpg==}

  nanoid@3.3.19:
    resolution: {integrity: sha512-Y2tUNy4ouw6tq5oDSKeQYGOyhkUBhNOcGV/02KC+6kd9eDGqdZd++mjMiIDilrBYvjEnCYvVtsuHCuP+okSfug==}
    engines: {node: ^10 || ^12 || ^13.7 || ^14 || >=15.0.1}
    hasBin: true

  picocolors@1.1.1:
    resolution: {integrity: sha512-xceH2snhtb5M9liqDsmEw56le376mTZkEX/jEb/RxNFyegNul7eNslCXP9FDj/Lcu0X8KEyMceP2ntpaHrDEVA==}

  postcss@8.5.28:
    resolution: {integrity: sha512-RRuzqDtt5Y9h3quz5hWhK+TPnsmVs6WwSU6LkJMeY4HstUEDuYTG8UJSdawMRzmzAtV+KEoG8N3Qg2qLy5vM/A==}
    engines: {node: ^10 || ^12 || >=14}

  punycode.js@2.3.1:
    resolution: {integrity: sha512-uxFIHU0YlHYhDQtV4R9J6a52SLx28BCjT+4ieh7IGbgwVJWO+km431c4yRlREUAsAmt/uMjQUyQHNEPf0M39CA==}
    engines: {node: '>=6'}

  source-map-js@1.2.1:
    resolution: {integrity: sha512-UXWMKhLOwVKb728IUtQPXxfYU+usdybtUrK/8uGE8CQMvrhOpwvzDBwj0QhSL7MQc7vIsISBG8VQ8+IDQxpfQA==}
    engines: {node: '>=0.10.0'}

  uc.micro@3.0.0:
    resolution: {integrity: sha512-U3PppEkleoTnIfi8BozMx3yju3qc/L6SwqWo2Sw+54PX+PX0q9I+r1Um5HCmqD7n9VDX5/v3vQH/AjA6deDdtw==}

  yaml@2.9.1:
    resolution: {integrity: sha512-3NxN8+78OdzbT7C/WjGsyfPAtJaN3FNDsWxv7Y7mcDsT/oOmgW8BpyQQFFBnvZE3j9Y2Sdz1ULFLezL7Eb2yFw==}
    engines: {node: '>= 14.6'}
    hasBin: true

snapshots:

  '@babel/helper-string-parser@7.29.7': {}

  '@babel/helper-validator-identifier@7.29.7': {}

  '@babel/parser@7.29.9':
    dependencies:
      '@babel/types': 7.29.8

  '@babel/types@7.29.8':
    dependencies:
      '@babel/helper-string-parser': 7.29.7
      '@babel/helper-validator-identifier': 7.29.7

  '@jridgewell/sourcemap-codec@1.6.0': {}

  '@vue/compiler-core@3.5.42':
    dependencies:
      '@babel/parser': 7.29.9
      '@vue/shared': 3.5.42
      entities: 7.0.1
      estree-walker: 2.0.2
      source-map-js: 1.2.1

  '@vue/compiler-dom@3.5.42':
    dependencies:
      '@vue/compiler-core': 3.5.42
      '@vue/shared': 3.5.42

  '@vue/compiler-sfc@3.5.42':
    dependencies:
      '@babel/parser': 7.29.9
      '@vue/compiler-core': 3.5.42
      '@vue/compiler-dom': 3.5.42
      '@vue/compiler-ssr': 3.5.42
      '@vue/shared': 3.5.42
      estree-walker: 2.0.2
      magic-string: 0.30.21
      postcss: 8.5.28
      source-map-js: 1.2.1

  '@vue/compiler-ssr@3.5.42':
    dependencies:
      '@vue/compiler-dom': 3.5.42
      '@vue/shared': 3.5.42

  '@vue/shared@3.5.42': {}

  argparse@3.0.2: {}

  entities@7.0.1: {}

  entities@8.1.0: {}

  estree-walker@2.0.2: {}

  linkify-it@6.1.0:
    dependencies:
      uc.micro: 3.0.0

  magic-string@0.30.21:
    dependencies:
      '@jridgewell/sourcemap-codec': 1.6.0

  markdown-it-container@4.0.0: {}

  markdown-it-deflist@4.0.0: {}

  markdown-it@15.0.2:
    dependencies:
      argparse: 3.0.2
      entities: 8.1.0
      linkify-it: 6.1.0
      mdurl: 2.1.0
      punycode.js: 2.3.1
      uc.micro: 3.0.0

  mdurl@2.1.0: {}

  nanoid@3.3.19: {}

  picocolors@1.1.1: {}

  postcss@8.5.28:
    dependencies:
      nanoid: 3.3.19
      picocolors: 1.1.1
      source-map-js: 1.2.1

  punycode.js@2.3.1: {}

  source-map-js@1.2.1: {}

  uc.micro@3.0.0: {}

  yaml@2.9.1: {}
